
Microsoft Visual Studio Solution File, Format Version 12.00
# Visual Studio Version 17
VisualStudioVersion = 17.14.36127.28 d17.14
MinimumVisualStudioVersion = 10.0.40219.1
Project("{FAE04EC0-301F-11D3-BF4B-00C04F79EFBC}") = "WpfApp_Project", "WpfApp_Project\WpfApp_Project.csproj", "{6F66B878-BABF-4ABF-8D14-23B9A4BDD707}"
EndProject
Project("{2150E333-8FDC-42A3-9474-1A3956D46DE8}") = "WpfApp", "WpfApp", "{02EA681E-C7D8-13C7-8484-4AC65E1B71E8}"
EndProject
Global
	GlobalSection(SolutionConfigurationPlatforms) = preSolution
		Debug|Any CPU = Debug|Any CPU
		Release|Any CPU = Release|Any CPU
	EndGlobalSection
	GlobalSection(ProjectConfigurationPlatforms) = postSolution
		{6F66B878-BABF-4ABF-8D14-23B9A4BDD707}.Debug|Any CPU.ActiveCfg = Debug|Any CPU
		{6F66B878-BABF-4ABF-8D14-23B9A4BDD707}.Debug|Any CPU.Build.0 = Debug|Any CPU
		{6F66B878-BABF-4ABF-8D14-23B9A4BDD707}.Release|Any CPU.ActiveCfg = Release|Any CPU
		{6F66B878-BABF-4ABF-8D14-23B9A4BDD707}.Release|Any CPU.Build.0 = Release|Any CPU
	EndGlobalSection
	GlobalSection(SolutionProperties) = preSolution
		HideSolutionNode = FALSE
	EndGlobalSection
	GlobalSection(NestedProjects) = preSolution
		{6F66B878-BABF-4ABF-8D14-23B9A4BDD707} = {02EA681E-C7D8-13C7-8484-4AC65E1B71E8}
	EndGlobalSection
	GlobalSection(ExtensibilityGlobals) = postSolution
		SolutionGuid = {3029C3AF-B293-44DD-84BA-1C6E8CFD6118}
	EndGlobalSection
EndGlobal
